
Microsoft Visual Studio Solution File, Format Version 12.00
# Visual Studio Version 17
VisualStudioVersion = 17.0.32112.339
MinimumVisualStudioVersion = 10.0.40219.1
Project("{FAE04EC0-301F-11D3-BF4B-00C04F79EFBC}") = "Retribution", "Retribution\Retribution.csproj", "{CADC24E2-4C82-4A83-9B05-71AA2ED5F58A}"
EndProject
Global
	GlobalSection(SolutionConfigurationPlatforms) = preSolution
		Debug|Any CPU = Debug|Any CPU
		Release|Any CPU = Release|Any CPU
	EndGlobalSection
	GlobalSection(ProjectConfigurationPlatforms) = postSolution
		{CADC24E2-4C82-4A83-9B05-71AA2ED5F58A}.Debug|Any CPU.ActiveCfg = Debug|Any CPU
		{CADC24E2-4C82-4A83-9B05-71AA2ED5F58A}.Debug|Any CPU.Build.0 = Debug|Any CPU
		{CADC24E2-4C82-4A83-9B05-71AA2ED5F58A}.Release|Any CPU.ActiveCfg = Release|Any CPU
		{CADC24E2-4C82-4A83-9B05-71AA2ED5F58A}.Release|Any CPU.Build.0 = Release|Any CPU
	EndGlobalSection
	GlobalSection(SolutionProperties) = preSolution
		HideSolutionNode = FALSE
	EndGlobalSection
	GlobalSection(ExtensibilityGlobals) = postSolution
		SolutionGuid = {C6A557A8-3137-409B-81AD-FA0879D1AF03}
	EndGlobalSection
EndGlobal
